// !$*UTF8*$!
{
	archiveVersion = 1;
	classes = {
	};
	objectVersion = 56;
	objects = {

/* Begin PBXBuildFile section */
		7861308C2CAE8EA60008F9B6 /* MoodView.swift in Sources */ = {isa = PBXBuildFile; fileRef = 7861308B2CAE8EA60008F9B6 /* MoodView.swift */; };
		7861308F2CAE8EB10008F9B6 /* AddMood.swift in Sources */ = {isa = PBXBuildFile; fileRef = 7861308E2CAE8EB10008F9B6 /* AddMood.swift */; };
		786130912CAE8EBB0008F9B6 /* MoodViewModel.swift in Sources */ = {isa = PBXBuildFile; fileRef = 786130902CAE8EBB0008F9B6 /* MoodViewModel.swift */; };
		786130942CAE977E0008F9B6 /* ScaleView.swift in Sources */ = {isa = PBXBuildFile; fileRef = 786130932CAE977E0008F9B6 /* ScaleView.swift */; };
		786130962CAEDC220008F9B6 /* sunf.swift in Sources */ = {isa = PBXBuildFile; fileRef = 786130952CAEDC210008F9B6 /* sunf.swift */; };
		786130982CAEDC2B0008F9B6 /* Dion.swift in Sources */ = {isa = PBXBuildFile; fileRef = 786130972CAEDC2B0008F9B6 /* Dion.swift */; };
		7861309A2CAEDC3F0008F9B6 /* Wirp.swift in Sources */ = {isa = PBXBuildFile; fileRef = 786130992CAEDC3F0008F9B6 /* Wirp.swift */; };
		78A13F3F2C972AD200E7D8BC /* App908App.swift in Sources */ = {isa = PBXBuildFile; fileRef = 78A13F3E2C972AD200E7D8BC /* App908App.swift */; };
		78A13F412C972AD200E7D8BC /* ContentView.swift in Sources */ = {isa = PBXBuildFile; fileRef = 78A13F402C972AD200E7D8BC /* ContentView.swift */; };
		78A13F432C972AD400E7D8BC /* Assets.xcassets in Resources */ = {isa = PBXBuildFile; fileRef = 78A13F422C972AD400E7D8BC /* Assets.xcassets */; };
		78A13F472C972AD400E7D8BC /* Preview Assets.xcassets in Resources */ = {isa = PBXBuildFile; fileRef = 78A13F462C972AD400E7D8BC /* Preview Assets.xcassets */; };
		78A13F572C972D7500E7D8BC /* Launch Screen.storyboard in Resources */ = {isa = PBXBuildFile; fileRef = 78A13F562C972D7500E7D8BC /* Launch Screen.storyboard */; };
		78A13F5A2C972D7F00E7D8BC /* CoreModel.xcdatamodeld in Sources */ = {isa = PBXBuildFile; fileRef = 78A13F582C972D7F00E7D8BC /* CoreModel.xcdatamodeld */; };
		78A13F5C2C972DA900E7D8BC /* LoadingView.swift in Sources */ = {isa = PBXBuildFile; fileRef = 78A13F5B2C972DA900E7D8BC /* LoadingView.swift */; };
		78A13F5E2C972DAD00E7D8BC /* R1.swift in Sources */ = {isa = PBXBuildFile; fileRef = 78A13F5D2C972DAD00E7D8BC /* R1.swift */; };
		78A13F602C972DB300E7D8BC /* R2.swift in Sources */ = {isa = PBXBuildFile; fileRef = 78A13F5F2C972DB300E7D8BC /* R2.swift */; };
		78A13F622C972DB700E7D8BC /* R3.swift in Sources */ = {isa = PBXBuildFile; fileRef = 78A13F612C972DB700E7D8BC /* R3.swift */; };
		78A13F642C972DBD00E7D8BC /* U1.swift in Sources */ = {isa = PBXBuildFile; fileRef = 78A13F632C972DBD00E7D8BC /* U1.swift */; };
		78A13F662C972DC300E7D8BC /* Reviews.swift in Sources */ = {isa = PBXBuildFile; fileRef = 78A13F652C972DC300E7D8BC /* Reviews.swift */; };
		78A13F682C972DC800E7D8BC /* Not.swift in Sources */ = {isa = PBXBuildFile; fileRef = 78A13F672C972DC800E7D8BC /* Not.swift */; };
		78A13F6A2C972DCF00E7D8BC /* TabBar.swift in Sources */ = {isa = PBXBuildFile; fileRef = 78A13F692C972DCF00E7D8BC /* TabBar.swift */; };
		78A13F6F2C972DF900E7D8BC /* HomeView.swift in Sources */ = {isa = PBXBuildFile; fileRef = 78A13F6E2C972DF900E7D8BC /* HomeView.swift */; };
		78A13F712C972E0100E7D8BC /* TravellingView.swift in Sources */ = {isa = PBXBuildFile; fileRef = 78A13F702C972E0100E7D8BC /* TravellingView.swift */; };
		78A13F732C972E0800E7D8BC /* SettingsView.swift in Sources */ = {isa = PBXBuildFile; fileRef = 78A13F722C972E0800E7D8BC /* SettingsView.swift */; };
		78A13F752C972E1100E7D8BC /* HomeViewModel.swift in Sources */ = {isa = PBXBuildFile; fileRef = 78A13F742C972E1100E7D8BC /* HomeViewModel.swift */; };
		78A13F772C972E1D00E7D8BC /* TravellingViewModel.swift in Sources */ = {isa = PBXBuildFile; fileRef = 78A13F762C972E1D00E7D8BC /* TravellingViewModel.swift */; };
		78A13F792C976C5700E7D8BC /* CoreDataStack.swift in Sources */ = {isa = PBXBuildFile; fileRef = 78A13F782C976C5700E7D8BC /* CoreDataStack.swift */; };
		78A13F7B2C976C5D00E7D8BC /* Array.swift in Sources */ = {isa = PBXBuildFile; fileRef = 78A13F7A2C976C5D00E7D8BC /* Array.swift */; };
		78A13F812C983A2000E7D8BC /* AddTravel.swift in Sources */ = {isa = PBXBuildFile; fileRef = 78A13F802C983A2000E7D8BC /* AddTravel.swift */; };
		78A13F852C987B4D00E7D8BC /* DateConvert.swift in Sources */ = {isa = PBXBuildFile; fileRef = 78A13F842C987B4D00E7D8BC /* DateConvert.swift */; };
		78A13F882C98C23B00E7D8BC /* TravelDetail.swift in Sources */ = {isa = PBXBuildFile; fileRef = 78A13F872C98C23B00E7D8BC /* TravelDetail.swift */; };
		78A13F8B2C98C25300E7D8BC /* AddTask.swift in Sources */ = {isa = PBXBuildFile; fileRef = 78A13F8A2C98C25300E7D8BC /* AddTask.swift */; };
/* End PBXBuildFile section */

/* Begin PBXFileReference section */
		7861308B2CAE8EA60008F9B6 /* MoodView.swift */ = {isa = PBXFileReference; lastKnownFileType = sourcecode.swift; path = MoodView.swift; sourceTree = "<group>"; };
		7861308E2CAE8EB10008F9B6 /* AddMood.swift */ = {isa = PBXFileReference; lastKnownFileType = sourcecode.swift; path = AddMood.swift; sourceTree = "<group>"; };
		786130902CAE8EBB0008F9B6 /* MoodViewModel.swift */ = {isa = PBXFileReference; lastKnownFileType = sourcecode.swift; path = MoodViewModel.swift; sourceTree = "<group>"; };
		786130932CAE977E0008F9B6 /* ScaleView.swift */ = {isa = PBXFileReference; lastKnownFileType = sourcecode.swift; path = ScaleView.swift; sourceTree = "<group>"; };
		786130952CAEDC210008F9B6 /* sunf.swift */ = {isa = PBXFileReference; lastKnownFileType = sourcecode.swift; path = sunf.swift; sourceTree = "<group>"; };
		786130972CAEDC2B0008F9B6 /* Dion.swift */ = {isa = PBXFileReference; lastKnownFileType = sourcecode.swift; path = Dion.swift; sourceTree = "<group>"; };
		786130992CAEDC3F0008F9B6 /* Wirp.swift */ = {isa = PBXFileReference; lastKnownFileType = sourcecode.swift; path = Wirp.swift; sourceTree = "<group>"; };
		78A13F3B2C972AD200E7D8BC /* App908.app */ = {isa = PBXFileReference; explicitFileType = wrapper.application; includeInIndex = 0; path = App908.app; sourceTree = BUILT_PRODUCTS_DIR; };
		78A13F3E2C972AD200E7D8BC /* App908App.swift */ = {isa = PBXFileReference; lastKnownFileType = sourcecode.swift; path = App908App.swift; sourceTree = "<group>"; };
		78A13F402C972AD200E7D8BC /* ContentView.swift */ = {isa = PBXFileReference; lastKnownFileType = sourcecode.swift; path = ContentView.swift; sourceTree = "<group>"; };
		78A13F422C972AD400E7D8BC /* Assets.xcassets */ = {isa = PBXFileReference; lastKnownFileType = folder.assetcatalog; path = Assets.xcassets; sourceTree = "<group>"; };
		78A13F442C972AD400E7D8BC /* App908.entitlements */ = {isa = PBXFileReference; lastKnownFileType = text.plist.entitlements; path = App908.entitlements; sourceTree = "<group>"; };
		78A13F462C972AD400E7D8BC /* Preview Assets.xcassets */ = {isa = PBXFileReference; lastKnownFileType = folder.assetcatalog; path = "Preview Assets.xcassets"; sourceTree = "<group>"; };
		78A13F562C972D7500E7D8BC /* Launch Screen.storyboard */ = {isa = PBXFileReference; lastKnownFileType = file.storyboard; path = "Launch Screen.storyboard"; sourceTree = "<group>"; };
		78A13F592C972D7F00E7D8BC /* CoreModel.xcdatamodel */ = {isa = PBXFileReference; lastKnownFileType = wrapper.xcdatamodel; path = CoreModel.xcdatamodel; sourceTree = "<group>"; };
		78A13F5B2C972DA900E7D8BC /* LoadingView.swift */ = {isa = PBXFileReference; lastKnownFileType = sourcecode.swift; path = LoadingView.swift; sourceTree = "<group>"; };
		78A13F5D2C972DAD00E7D8BC /* R1.swift */ = {isa = PBXFileReference; lastKnownFileType = sourcecode.swift; path = R1.swift; sourceTree = "<group>"; };
		78A13F5F2C972DB300E7D8BC /* R2.swift */ = {isa = PBXFileReference; lastKnownFileType = sourcecode.swift; path = R2.swift; sourceTree = "<group>"; };
		78A13F612C972DB700E7D8BC /* R3.swift */ = {isa = PBXFileReference; lastKnownFileType = sourcecode.swift; path = R3.swift; sourceTree = "<group>"; };
		78A13F632C972DBD00E7D8BC /* U1.swift */ = {isa = PBXFileReference; lastKnownFileType = sourcecode.swift; path = U1.swift; sourceTree = "<group>"; };
		78A13F652C972DC300E7D8BC /* Reviews.swift */ = {isa = PBXFileReference; lastKnownFileType = sourcecode.swift; path = Reviews.swift; sourceTree = "<group>"; };
		78A13F672C972DC800E7D8BC /* Not.swift */ = {isa = PBXFileReference; lastKnownFileType = sourcecode.swift; path = Not.swift; sourceTree = "<group>"; };
		78A13F692C972DCF00E7D8BC /* TabBar.swift */ = {isa = PBXFileReference; lastKnownFileType = sourcecode.swift; path = TabBar.swift; sourceTree = "<group>"; };
		78A13F6E2C972DF900E7D8BC /* HomeView.swift */ = {isa = PBXFileReference; lastKnownFileType = sourcecode.swift; path = HomeView.swift; sourceTree = "<group>"; };
		78A13F702C972E0100E7D8BC /* TravellingView.swift */ = {isa = PBXFileReference; lastKnownFileType = sourcecode.swift; path = TravellingView.swift; sourceTree = "<group>"; };
		78A13F722C972E0800E7D8BC /* SettingsView.swift */ = {isa = PBXFileReference; lastKnownFileType = sourcecode.swift; path = SettingsView.swift; sourceTree = "<group>"; };
		78A13F742C972E1100E7D8BC /* HomeViewModel.swift */ = {isa = PBXFileReference; lastKnownFileType = sourcecode.swift; path = HomeViewModel.swift; sourceTree = "<group>"; };
		78A13F762C972E1D00E7D8BC /* TravellingViewModel.swift */ = {isa = PBXFileReference; lastKnownFileType = sourcecode.swift; path = TravellingViewModel.swift; sourceTree = "<group>"; };
		78A13F782C976C5700E7D8BC /* CoreDataStack.swift */ = {isa = PBXFileReference; lastKnownFileType = sourcecode.swift; path = CoreDataStack.swift; sourceTree = "<group>"; };
		78A13F7A2C976C5D00E7D8BC /* Array.swift */ = {isa = PBXFileReference; lastKnownFileType = sourcecode.swift; path = Array.swift; sourceTree = "<group>"; };
		78A13F802C983A2000E7D8BC /* AddTravel.swift */ = {isa = PBXFileReference; lastKnownFileType = sourcecode.swift; path = AddTravel.swift; sourceTree = "<group>"; };
		78A13F842C987B4D00E7D8BC /* DateConvert.swift */ = {isa = PBXFileReference; lastKnownFileType = sourcecode.swift; path = DateConvert.swift; sourceTree = "<group>"; };
		78A13F872C98C23B00E7D8BC /* TravelDetail.swift */ = {isa = PBXFileReference; lastKnownFileType = sourcecode.swift; path = TravelDetail.swift; sourceTree = "<group>"; };
		78A13F8A2C98C25300E7D8BC /* AddTask.swift */ = {isa = PBXFileReference; lastKnownFileType = sourcecode.swift; path = AddTask.swift; sourceTree = "<group>"; };
/* End PBXFileReference section */

/* Begin PBXFrameworksBuildPhase section */
		78A13F382C972AD200E7D8BC /* Frameworks */ = {
			isa = PBXFrameworksBuildPhase;
			buildActionMask = 2147483647;
			files = (
			);
			runOnlyForDeploymentPostprocessing = 0;
		};
/* End PBXFrameworksBuildPhase section */

/* Begin PBXGroup section */
		7861308A2CAE8E9B0008F9B6 /* Mood */ = {
			isa = PBXGroup;
			children = (
				786130922CAE97750008F9B6 /* Scale */,
				7861308D2CAE8EAA0008F9B6 /* AddMood */,
				7861308B2CAE8EA60008F9B6 /* MoodView.swift */,
				786130902CAE8EBB0008F9B6 /* MoodViewModel.swift */,
			);
			path = Mood;
			sourceTree = "<group>";
		};
		7861308D2CAE8EAA0008F9B6 /* AddMood */ = {
			isa = PBXGroup;
			children = (
				7861308E2CAE8EB10008F9B6 /* AddMood.swift */,
			);
			path = AddMood;
			sourceTree = "<group>";
		};
		786130922CAE97750008F9B6 /* Scale */ = {
			isa = PBXGroup;
			children = (
				786130932CAE977E0008F9B6 /* ScaleView.swift */,
			);
			path = Scale;
			sourceTree = "<group>";
		};
		78A13F322C972AD200E7D8BC = {
			isa = PBXGroup;
			children = (
				78A13F3D2C972AD200E7D8BC /* App908 */,
				78A13F3C2C972AD200E7D8BC /* Products */,
			);
			sourceTree = "<group>";
		};
		78A13F3C2C972AD200E7D8BC /* Products */ = {
			isa = PBXGroup;
			children = (
				78A13F3B2C972AD200E7D8BC /* App908.app */,
			);
			name = Products;
			sourceTree = "<group>";
		};
		78A13F3D2C972AD200E7D8BC /* App908 */ = {
			isa = PBXGroup;
			children = (
				78A13F4D2C972D3700E7D8BC /* All */,
				78A13F3E2C972AD200E7D8BC /* App908App.swift */,
				78A13F402C972AD200E7D8BC /* ContentView.swift */,
				78A13F422C972AD400E7D8BC /* Assets.xcassets */,
				78A13F442C972AD400E7D8BC /* App908.entitlements */,
				78A13F452C972AD400E7D8BC /* Preview Content */,
			);
			path = App908;
			sourceTree = "<group>";
		};
		78A13F452C972AD400E7D8BC /* Preview Content */ = {
			isa = PBXGroup;
			children = (
				78A13F462C972AD400E7D8BC /* Preview Assets.xcassets */,
			);
			path = "Preview Content";
			sourceTree = "<group>";
		};
		78A13F4D2C972D3700E7D8BC /* All */ = {
			isa = PBXGroup;
			children = (
				78A13F512C972D4A00E7D8BC /* Views */,
				78A13F502C972D4500E7D8BC /* Extensions */,
				78A13F4F2C972D3F00E7D8BC /* TabBar */,
				78A13F4E2C972D3B00E7D8BC /* OB */,
			);
			path = All;
			sourceTree = "<group>";
		};
		78A13F4E2C972D3B00E7D8BC /* OB */ = {
			isa = PBXGroup;
			children = (
				78A13F552C972D6D00E7D8BC /* R */,
				78A13F542C972D6900E7D8BC /* U */,
				78A13F532C972D6300E7D8BC /* Loading */,
				78A13F522C972D5F00E7D8BC /* Launch */,
			);
			path = OB;
			sourceTree = "<group>";
		};
		78A13F4F2C972D3F00E7D8BC /* TabBar */ = {
			isa = PBXGroup;
			children = (
				78A13F692C972DCF00E7D8BC /* TabBar.swift */,
			);
			path = TabBar;
			sourceTree = "<group>";
		};
		78A13F502C972D4500E7D8BC /* Extensions */ = {
			isa = PBXGroup;
			children = (
				78A13F582C972D7F00E7D8BC /* CoreModel.xcdatamodeld */,
				78A13F782C976C5700E7D8BC /* CoreDataStack.swift */,
				78A13F7A2C976C5D00E7D8BC /* Array.swift */,
				78A13F842C987B4D00E7D8BC /* DateConvert.swift */,
				786130952CAEDC210008F9B6 /* sunf.swift */,
				786130972CAEDC2B0008F9B6 /* Dion.swift */,
				786130992CAEDC3F0008F9B6 /* Wirp.swift */,
			);
			path = Extensions;
			sourceTree = "<group>";
		};
		78A13F512C972D4A00E7D8BC /* Views */ = {
			isa = PBXGroup;
			children = (
				7861308A2CAE8E9B0008F9B6 /* Mood */,
				78A13F6D2C972DF000E7D8BC /* Settings */,
				78A13F6C2C972DE200E7D8BC /* Travelling */,
				78A13F6B2C972DDC00E7D8BC /* Home */,
			);
			path = Views;
			sourceTree = "<group>";
		};
		78A13F522C972D5F00E7D8BC /* Launch */ = {
			isa = PBXGroup;
			children = (
				78A13F562C972D7500E7D8BC /* Launch Screen.storyboard */,
			);
			path = Launch;
			sourceTree = "<group>";
		};
		78A13F532C972D6300E7D8BC /* Loading */ = {
			isa = PBXGroup;
			children = (
				78A13F5B2C972DA900E7D8BC /* LoadingView.swift */,
			);
			path = Loading;
			sourceTree = "<group>";
		};
		78A13F542C972D6900E7D8BC /* U */ = {
			isa = PBXGroup;
			children = (
				78A13F632C972DBD00E7D8BC /* U1.swift */,
				78A13F652C972DC300E7D8BC /* Reviews.swift */,
				78A13F672C972DC800E7D8BC /* Not.swift */,
			);
			path = U;
			sourceTree = "<group>";
		};
		78A13F552C972D6D00E7D8BC /* R */ = {
			isa = PBXGroup;
			children = (
				78A13F5D2C972DAD00E7D8BC /* R1.swift */,
				78A13F5F2C972DB300E7D8BC /* R2.swift */,
				78A13F612C972DB700E7D8BC /* R3.swift */,
			);
			path = R;
			sourceTree = "<group>";
		};
		78A13F6B2C972DDC00E7D8BC /* Home */ = {
			isa = PBXGroup;
			children = (
				78A13F6E2C972DF900E7D8BC /* HomeView.swift */,
				78A13F742C972E1100E7D8BC /* HomeViewModel.swift */,
			);
			path = Home;
			sourceTree = "<group>";
		};
		78A13F6C2C972DE200E7D8BC /* Travelling */ = {
			isa = PBXGroup;
			children = (
				78A13F892C98C24600E7D8BC /* AddTask */,
				78A13F862C98C22D00E7D8BC /* TravelDetail */,
				78A13F7F2C983A1400E7D8BC /* AddTravel */,
				78A13F702C972E0100E7D8BC /* TravellingView.swift */,
				78A13F762C972E1D00E7D8BC /* TravellingViewModel.swift */,
			);
			path = Travelling;
			sourceTree = "<group>";
		};
		78A13F6D2C972DF000E7D8BC /* Settings */ = {
			isa = PBXGroup;
			children = (
				78A13F722C972E0800E7D8BC /* SettingsView.swift */,
			);
			path = Settings;
			sourceTree = "<group>";
		};
		78A13F7F2C983A1400E7D8BC /* AddTravel */ = {
			isa = PBXGroup;
			children = (
				78A13F802C983A2000E7D8BC /* AddTravel.swift */,
			);
			path = AddTravel;
			sourceTree = "<group>";
		};
		78A13F862C98C22D00E7D8BC /* TravelDetail */ = {
			isa = PBXGroup;
			children = (
				78A13F872C98C23B00E7D8BC /* TravelDetail.swift */,
			);
			path = TravelDetail;
			sourceTree = "<group>";
		};
		78A13F892C98C24600E7D8BC /* AddTask */ = {
			isa = PBXGroup;
			children = (
				78A13F8A2C98C25300E7D8BC /* AddTask.swift */,
			);
			path = AddTask;
			sourceTree = "<group>";
		};
/* End PBXGroup section */

/* Begin PBXNativeTarget section */
		78A13F3A2C972AD200E7D8BC /* App908 */ = {
			isa = PBXNativeTarget;
			buildConfigurationList = 78A13F4A2C972AD400E7D8BC /* Build configuration list for PBXNativeTarget "App908" */;
			buildPhases = (
				78A13F372C972AD200E7D8BC /* Sources */,
				78A13F382C972AD200E7D8BC /* Frameworks */,
				78A13F392C972AD200E7D8BC /* Resources */,
			);
			buildRules = (
			);
			dependencies = (
			);
			name = App908;
			productName = App908;
			productReference = 78A13F3B2C972AD200E7D8BC /* App908.app */;
			productType = "com.apple.product-type.application";
		};
/* End PBXNativeTarget section */

/* Begin PBXProject section */
		78A13F332C972AD200E7D8BC /* Project object */ = {
			isa = PBXProject;
			attributes = {
				BuildIndependentTargetsInParallel = 1;
				LastSwiftUpdateCheck = 1540;
				LastUpgradeCheck = 1540;
				TargetAttributes = {
					78A13F3A2C972AD200E7D8BC = {
						CreatedOnToolsVersion = 15.4;
					};
				};
			};
			buildConfigurationList = 78A13F362C972AD200E7D8BC /* Build configuration list for PBXProject "App908" */;
			compatibilityVersion = "Xcode 14.0";
			developmentRegion = en;
			hasScannedForEncodings = 0;
			knownRegions = (
				en,
				Base,
			);
			mainGroup = 78A13F322C972AD200E7D8BC;
			productRefGroup = 78A13F3C2C972AD200E7D8BC /* Products */;
			projectDirPath = "";
			projectRoot = "";
			targets = (
				78A13F3A2C972AD200E7D8BC /* App908 */,
			);
		};
/* End PBXProject section */

/* Begin PBXResourcesBuildPhase section */
		78A13F392C972AD200E7D8BC /* Resources */ = {
			isa = PBXResourcesBuildPhase;
			buildActionMask = 2147483647;
			files = (
				78A13F572C972D7500E7D8BC /* Launch Screen.storyboard in Resources */,
				78A13F472C972AD400E7D8BC /* Preview Assets.xcassets in Resources */,
				78A13F432C972AD400E7D8BC /* Assets.xcassets in Resources */,
			);
			runOnlyForDeploymentPostprocessing = 0;
		};
/* End PBXResourcesBuildPhase section */

/* Begin PBXSourcesBuildPhase section */
		78A13F372C972AD200E7D8BC /* Sources */ = {
			isa = PBXSourcesBuildPhase;
			buildActionMask = 2147483647;
			files = (
				7861309A2CAEDC3F0008F9B6 /* Wirp.swift in Sources */,
				78A13F412C972AD200E7D8BC /* ContentView.swift in Sources */,
				78A13F812C983A2000E7D8BC /* AddTravel.swift in Sources */,
				78A13F682C972DC800E7D8BC /* Not.swift in Sources */,
				786130942CAE977E0008F9B6 /* ScaleView.swift in Sources */,
				7861308F2CAE8EB10008F9B6 /* AddMood.swift in Sources */,
				78A13F642C972DBD00E7D8BC /* U1.swift in Sources */,
				78A13F5C2C972DA900E7D8BC /* LoadingView.swift in Sources */,
				78A13F5A2C972D7F00E7D8BC /* CoreModel.xcdatamodeld in Sources */,
				78A13F5E2C972DAD00E7D8BC /* R1.swift in Sources */,
				78A13F622C972DB700E7D8BC /* R3.swift in Sources */,
				78A13F732C972E0800E7D8BC /* SettingsView.swift in Sources */,
				78A13F772C972E1D00E7D8BC /* TravellingViewModel.swift in Sources */,
				78A13F7B2C976C5D00E7D8BC /* Array.swift in Sources */,
				786130912CAE8EBB0008F9B6 /* MoodViewModel.swift in Sources */,
				78A13F882C98C23B00E7D8BC /* TravelDetail.swift in Sources */,
				78A13F662C972DC300E7D8BC /* Reviews.swift in Sources */,
				78A13F8B2C98C25300E7D8BC /* AddTask.swift in Sources */,
				78A13F712C972E0100E7D8BC /* TravellingView.swift in Sources */,
				786130962CAEDC220008F9B6 /* sunf.swift in Sources */,
				78A13F852C987B4D00E7D8BC /* DateConvert.swift in Sources */,
				78A13F6A2C972DCF00E7D8BC /* TabBar.swift in Sources */,
				78A13F792C976C5700E7D8BC /* CoreDataStack.swift in Sources */,
				7861308C2CAE8EA60008F9B6 /* MoodView.swift in Sources */,
				786130982CAEDC2B0008F9B6 /* Dion.swift in Sources */,
				78A13F6F2C972DF900E7D8BC /* HomeView.swift in Sources */,
				78A13F3F2C972AD200E7D8BC /* App908App.swift in Sources */,
				78A13F752C972E1100E7D8BC /* HomeViewModel.swift in Sources */,
				78A13F602C972DB300E7D8BC /* R2.swift in Sources */,
			);
			runOnlyForDeploymentPostprocessing = 0;
		};
/* End PBXSourcesBuildPhase section */

/* Begin XCBuildConfiguration section */
		78A13F482C972AD400E7D8BC /* Debug */ = {
			isa = XCBuildConfiguration;
			buildSettings = {
				ALWAYS_SEARCH_USER_PATHS = NO;
				ASSETCATALOG_COMPILER_GENERATE_SWIFT_ASSET_SYMBOL_EXTENSIONS = YES;
				CLANG_ANALYZER_NONNULL = YES;
				CLANG_ANALYZER_NUMBER_OBJECT_CONVERSION = YES_AGGRESSIVE;
				CLANG_CXX_LANGUAGE_STANDARD = "gnu++20";
				CLANG_ENABLE_MODULES = YES;
				CLANG_ENABLE_OBJC_ARC = YES;
				CLANG_ENABLE_OBJC_WEAK = YES;
				CLANG_WARN_BLOCK_CAPTURE_AUTORELEASING = YES;
				CLANG_WARN_BOOL_CONVERSION = YES;
				CLANG_WARN_COMMA = YES;
				CLANG_WARN_CONSTANT_CONVERSION = YES;
				CLANG_WARN_DEPRECATED_OBJC_IMPLEMENTATIONS = YES;
				CLANG_WARN_DIRECT_OBJC_ISA_USAGE = YES_ERROR;
				CLANG_WARN_DOCUMENTATION_COMMENTS = YES;
				CLANG_WARN_EMPTY_BODY = YES;
				CLANG_WARN_ENUM_CONVERSION = YES;
				CLANG_WARN_INFINITE_RECURSION = YES;
				CLANG_WARN_INT_CONVERSION = YES;
				CLANG_WARN_NON_LITERAL_NULL_CONVERSION = YES;
				CLANG_WARN_OBJC_IMPLICIT_RETAIN_SELF = YES;
				CLANG_WARN_OBJC_LITERAL_CONVERSION = YES;
				CLANG_WARN_OBJC_ROOT_CLASS = YES_ERROR;
				CLANG_WARN_QUOTED_INCLUDE_IN_FRAMEWORK_HEADER = YES;
				CLANG_WARN_RANGE_LOOP_ANALYSIS = YES;
				CLANG_WARN_STRICT_PROTOTYPES = YES;
				CLANG_WARN_SUSPICIOUS_MOVE = YES;
				CLANG_WARN_UNGUARDED_AVAILABILITY = YES_AGGRESSIVE;
				CLANG_WARN_UNREACHABLE_CODE = YES;
				CLANG_WARN__DUPLICATE_METHOD_MATCH = YES;
				COPY_PHASE_STRIP = NO;
				DEBUG_INFORMATION_FORMAT = dwarf;
				ENABLE_STRICT_OBJC_MSGSEND = YES;
				ENABLE_TESTABILITY = YES;
				ENABLE_USER_SCRIPT_SANDBOXING = YES;
				GCC_C_LANGUAGE_STANDARD = gnu17;
				GCC_DYNAMIC_NO_PIC = NO;
				GCC_NO_COMMON_BLOCKS = YES;
				GCC_OPTIMIZATION_LEVEL = 0;
				GCC_PREPROCESSOR_DEFINITIONS = (
					"DEBUG=1",
					"$(inherited)",
				);
				GCC_WARN_64_TO_32_BIT_CONVERSION = YES;
				GCC_WARN_ABOUT_RETURN_TYPE = YES_ERROR;
				GCC_WARN_UNDECLARED_SELECTOR = YES;
				GCC_WARN_UNINITIALIZED_AUTOS = YES_AGGRESSIVE;
				GCC_WARN_UNUSED_FUNCTION = YES;
				GCC_WARN_UNUSED_VARIABLE = YES;
				LOCALIZATION_PREFERS_STRING_CATALOGS = YES;
				MTL_ENABLE_DEBUG_INFO = INCLUDE_SOURCE;
				MTL_FAST_MATH = YES;
				ONLY_ACTIVE_ARCH = YES;
				SWIFT_ACTIVE_COMPILATION_CONDITIONS = "DEBUG $(inherited)";
				SWIFT_OPTIMIZATION_LEVEL = "-Onone";
			};
			name = Debug;
		};
		78A13F492C972AD400E7D8BC /* Release */ = {
			isa = XCBuildConfiguration;
			buildSettings = {
				ALWAYS_SEARCH_USER_PATHS = NO;
				ASSETCATALOG_COMPILER_GENERATE_SWIFT_ASSET_SYMBOL_EXTENSIONS = YES;
				CLANG_ANALYZER_NONNULL = YES;
				CLANG_ANALYZER_NUMBER_OBJECT_CONVERSION = YES_AGGRESSIVE;
				CLANG_CXX_LANGUAGE_STANDARD = "gnu++20";
				CLANG_ENABLE_MODULES = YES;
				CLANG_ENABLE_OBJC_ARC = YES;
				CLANG_ENABLE_OBJC_WEAK = YES;
				CLANG_WARN_BLOCK_CAPTURE_AUTORELEASING = YES;
				CLANG_WARN_BOOL_CONVERSION = YES;
				CLANG_WARN_COMMA = YES;
				CLANG_WARN_CONSTANT_CONVERSION = YES;
				CLANG_WARN_DEPRECATED_OBJC_IMPLEMENTATIONS = YES;
				CLANG_WARN_DIRECT_OBJC_ISA_USAGE = YES_ERROR;
				CLANG_WARN_DOCUMENTATION_COMMENTS = YES;
				CLANG_WARN_EMPTY_BODY = YES;
				CLANG_WARN_ENUM_CONVERSION = YES;
				CLANG_WARN_INFINITE_RECURSION = YES;
				CLANG_WARN_INT_CONVERSION = YES;
				CLANG_WARN_NON_LITERAL_NULL_CONVERSION = YES;
				CLANG_WARN_OBJC_IMPLICIT_RETAIN_SELF = YES;
				CLANG_WARN_OBJC_LITERAL_CONVERSION = YES;
				CLANG_WARN_OBJC_ROOT_CLASS = YES_ERROR;
				CLANG_WARN_QUOTED_INCLUDE_IN_FRAMEWORK_HEADER = YES;
				CLANG_WARN_RANGE_LOOP_ANALYSIS = YES;
				CLANG_WARN_STRICT_PROTOTYPES = YES;
				CLANG_WARN_SUSPICIOUS_MOVE = YES;
				CLANG_WARN_UNGUARDED_AVAILABILITY = YES_AGGRESSIVE;
				CLANG_WARN_UNREACHABLE_CODE = YES;
				CLANG_WARN__DUPLICATE_METHOD_MATCH = YES;
				COPY_PHASE_STRIP = NO;
				DEBUG_INFORMATION_FORMAT = "dwarf-with-dsym";
				ENABLE_NS_ASSERTIONS = NO;
				ENABLE_STRICT_OBJC_MSGSEND = YES;
				ENABLE_USER_SCRIPT_SANDBOXING = YES;
				GCC_C_LANGUAGE_STANDARD = gnu17;
				GCC_NO_COMMON_BLOCKS = YES;
				GCC_WARN_64_TO_32_BIT_CONVERSION = YES;
				GCC_WARN_ABOUT_RETURN_TYPE = YES_ERROR;
				GCC_WARN_UNDECLARED_SELECTOR = YES;
				GCC_WARN_UNINITIALIZED_AUTOS = YES_AGGRESSIVE;
				GCC_WARN_UNUSED_FUNCTION = YES;
				GCC_WARN_UNUSED_VARIABLE = YES;
				LOCALIZATION_PREFERS_STRING_CATALOGS = YES;
				MTL_ENABLE_DEBUG_INFO = NO;
				MTL_FAST_MATH = YES;
				SWIFT_COMPILATION_MODE = wholemodule;
			};
			name = Release;
		};
		78A13F4B2C972AD400E7D8BC /* Debug */ = {
			isa = XCBuildConfiguration;
			buildSettings = {
				ASSETCATALOG_COMPILER_APPICON_NAME = AppIcon;
				ASSETCATALOG_COMPILER_GLOBAL_ACCENT_COLOR_NAME = AccentColor;
				CODE_SIGN_ENTITLEMENTS = App908/App908.entitlements;
				CODE_SIGN_STYLE = Automatic;
				CURRENT_PROJECT_VERSION = 1;
				DEVELOPMENT_ASSET_PATHS = "\"App908/Preview Content\"";
				ENABLE_PREVIEWS = YES;
				GENERATE_INFOPLIST_FILE = YES;
				INFOPLIST_KEY_CFBundleDisplayName = "Avaltor: Stay Vacation";
				"INFOPLIST_KEY_UIApplicationSceneManifest_Generation[sdk=iphoneos*]" = YES;
				"INFOPLIST_KEY_UIApplicationSceneManifest_Generation[sdk=iphonesimulator*]" = YES;
				"INFOPLIST_KEY_UIApplicationSupportsIndirectInputEvents[sdk=iphoneos*]" = YES;
				"INFOPLIST_KEY_UIApplicationSupportsIndirectInputEvents[sdk=iphonesimulator*]" = YES;
				"INFOPLIST_KEY_UILaunchScreen_Generation[sdk=iphoneos*]" = YES;
				"INFOPLIST_KEY_UILaunchScreen_Generation[sdk=iphonesimulator*]" = YES;
				INFOPLIST_KEY_UILaunchStoryboardName = "Launch Screen.storyboard";
				"INFOPLIST_KEY_UIStatusBarStyle[sdk=iphoneos*]" = UIStatusBarStyleDefault;
				"INFOPLIST_KEY_UIStatusBarStyle[sdk=iphonesimulator*]" = UIStatusBarStyleDefault;
				INFOPLIST_KEY_UISupportedInterfaceOrientations = UIInterfaceOrientationPortrait;
				INFOPLIST_KEY_UISupportedInterfaceOrientations_iPad = "UIInterfaceOrientationLandscapeLeft UIInterfaceOrientationLandscapeRight UIInterfaceOrientationPortrait UIInterfaceOrientationPortraitUpsideDown";
				IPHONEOS_DEPLOYMENT_TARGET = 14.0;
				LD_RUNPATH_SEARCH_PATHS = "@executable_path/Frameworks";
				"LD_RUNPATH_SEARCH_PATHS[sdk=macosx*]" = "@executable_path/../Frameworks";
				MACOSX_DEPLOYMENT_TARGET = 14.1;
				MARKETING_VERSION = 1.0;
				PRODUCT_BUNDLE_IDENTIFIER = IOI.App908;
				PRODUCT_NAME = "$(TARGET_NAME)";
				SDKROOT = auto;
				SUPPORTED_PLATFORMS = "iphoneos iphonesimulator";
				SUPPORTS_MACCATALYST = NO;
				SWIFT_EMIT_LOC_STRINGS = YES;
				SWIFT_VERSION = 5.0;
				TARGETED_DEVICE_FAMILY = 1;
			};
			name = Debug;
		};
		78A13F4C2C972AD400E7D8BC /* Release */ = {
			isa = XCBuildConfiguration;
			buildSettings = {
				ASSETCATALOG_COMPILER_APPICON_NAME = AppIcon;
				ASSETCATALOG_COMPILER_GLOBAL_ACCENT_COLOR_NAME = AccentColor;
				CODE_SIGN_ENTITLEMENTS = App908/App908.entitlements;
				CODE_SIGN_STYLE = Automatic;
				CURRENT_PROJECT_VERSION = 1;
				DEVELOPMENT_ASSET_PATHS = "\"App908/Preview Content\"";
				ENABLE_PREVIEWS = YES;
				GENERATE_INFOPLIST_FILE = YES;
				INFOPLIST_KEY_CFBundleDisplayName = "Avaltor: Stay Vacation";
				"INFOPLIST_KEY_UIApplicationSceneManifest_Generation[sdk=iphoneos*]" = YES;
				"INFOPLIST_KEY_UIApplicationSceneManifest_Generation[sdk=iphonesimulator*]" = YES;
				"INFOPLIST_KEY_UIApplicationSupportsIndirectInputEvents[sdk=iphoneos*]" = YES;
				"INFOPLIST_KEY_UIApplicationSupportsIndirectInputEvents[sdk=iphonesimulator*]" = YES;
				"INFOPLIST_KEY_UILaunchScreen_Generation[sdk=iphoneos*]" = YES;
				"INFOPLIST_KEY_UILaunchScreen_Generation[sdk=iphonesimulator*]" = YES;
				INFOPLIST_KEY_UILaunchStoryboardName = "Launch Screen.storyboard";
				"INFOPLIST_KEY_UIStatusBarStyle[sdk=iphoneos*]" = UIStatusBarStyleDefault;
				"INFOPLIST_KEY_UIStatusBarStyle[sdk=iphonesimulator*]" = UIStatusBarStyleDefault;
				INFOPLIST_KEY_UISupportedInterfaceOrientations = UIInterfaceOrientationPortrait;
				INFOPLIST_KEY_UISupportedInterfaceOrientations_iPad = "UIInterfaceOrientationLandscapeLeft UIInterfaceOrientationLandscapeRight UIInterfaceOrientationPortrait UIInterfaceOrientationPortraitUpsideDown";
				IPHONEOS_DEPLOYMENT_TARGET = 14.0;
				LD_RUNPATH_SEARCH_PATHS = "@executable_path/Frameworks";
				"LD_RUNPATH_SEARCH_PATHS[sdk=macosx*]" = "@executable_path/../Frameworks";
				MACOSX_DEPLOYMENT_TARGET = 14.1;
				MARKETING_VERSION = 1.0;
				PRODUCT_BUNDLE_IDENTIFIER = IOI.App908;
				PRODUCT_NAME = "$(TARGET_NAME)";
				SDKROOT = auto;
				SUPPORTED_PLATFORMS = "iphoneos iphonesimulator";
				SUPPORTS_MACCATALYST = NO;
				SWIFT_EMIT_LOC_STRINGS = YES;
				SWIFT_VERSION = 5.0;
				TARGETED_DEVICE_FAMILY = 1;
			};
			name = Release;
		};
/* End XCBuildConfiguration section */

/* Begin XCConfigurationList section */
		78A13F362C972AD200E7D8BC /* Build configuration list for PBXProject "App908" */ = {
			isa = XCConfigurationList;
			buildConfigurations = (
				78A13F482C972AD400E7D8BC /* Debug */,
				78A13F492C972AD400E7D8BC /* Release */,
			);
			defaultConfigurationIsVisible = 0;
			defaultConfigurationName = Release;
		};
		78A13F4A2C972AD400E7D8BC /* Build configuration list for PBXNativeTarget "App908" */ = {
			isa = XCConfigurationList;
			buildConfigurations = (
				78A13F4B2C972AD400E7D8BC /* Debug */,
				78A13F4C2C972AD400E7D8BC /* Release */,
			);
			defaultConfigurationIsVisible = 0;
			defaultConfigurationName = Release;
		};
/* End XCConfigurationList section */

/* Begin XCVersionGroup section */
		78A13F582C972D7F00E7D8BC /* CoreModel.xcdatamodeld */ = {
			isa = XCVersionGroup;
			children = (
				78A13F592C972D7F00E7D8BC /* CoreModel.xcdatamodel */,
			);
			currentVersion = 78A13F592C972D7F00E7D8BC /* CoreModel.xcdatamodel */;
			name = CoreModel.xcdatamodeld;
			path = /Users/igor/Documents/Applications/App908/App908/All/Extensions/CoreModel.xcdatamodeld;
			sourceTree = "<group>";
			versionGroupType = wrapper.xcdatamodel;
		};
/* End XCVersionGroup section */
	};
	rootObject = 78A13F332C972AD200E7D8BC /* Project object */;
}
